
Microsoft Visual Studio Solution File, Format Version 12.00
# Visual Studio Version 17
VisualStudioVersion = 17.8.34330.188
MinimumVisualStudioVersion = 10.0.40219.1
Project("{2150E333-8FDC-42A3-9474-1A3956D46DE8}") = "_src", "_src", "{AE1F2A36-40A1-4FD4-AE4C-32B7D6AC4F8C}"
EndProject
Project("{2150E333-8FDC-42A3-9474-1A3956D46DE8}") = "CoreService", "CoreService", "{A8B9BC09-6E04-4CB6-BB28-47E9DD662EE0}"
EndProject
Project("{2150E333-8FDC-42A3-9474-1A3956D46DE8}") = "Core", "Core", "{6EF8094C-23D5-4D5F-9579-061844456563}"
EndProject
Project("{2150E333-8FDC-42A3-9474-1A3956D46DE8}") = "Infrastructure", "Infrastructure", "{8725E4F9-993E-48D6-BD7D-82E4FE6B77AC}"
EndProject
Project("{2150E333-8FDC-42A3-9474-1A3956D46DE8}") = "Presentation", "Presentation", "{FC02C700-E8B1-4330-A2F3-EA2B8E017F71}"
EndProject
Project("{9A19103F-16F7-4668-BE54-9A1E7A4F7556}") = "CoreService.Application", "_src\CoreService\Core\CoreService.Application\CoreService.Application.csproj", "{5820DDBB-2F5C-4769-B068-EE5254045908}"
EndProject
Project("{9A19103F-16F7-4668-BE54-9A1E7A4F7556}") = "CoreService.Domain", "_src\CoreService\Core\CoreService.Domain\CoreService.Domain.csproj", "{88C7850F-42EC-4881-A720-3A726B234D6B}"
EndProject
Project("{9A19103F-16F7-4668-BE54-9A1E7A4F7556}") = "CoreService.Infrastructure", "_src\CoreService\Infrastructure\CoreService.Infrastructure\CoreService.Infrastructure.csproj", "{12D7FEC6-5602-4AC6-BE20-2B1A40EE0487}"
EndProject
Project("{9A19103F-16F7-4668-BE54-9A1E7A4F7556}") = "CoreService.Persistence", "_src\CoreService\Infrastructure\CoreService.Persistence\CoreService.Persistence.csproj", "{AF8E1518-2E99-4FEF-9503-04D46C93F3A9}"
EndProject
Project("{9A19103F-16F7-4668-BE54-9A1E7A4F7556}") = "CoreService.API", "_src\CoreService\Presentation\CoreService.API\CoreService.API.csproj", "{C9EF6981-F697-438B-B1EE-D9E49709A49F}"
EndProject
Project("{2150E333-8FDC-42A3-9474-1A3956D46DE8}") = "DockerFiles", "DockerFiles", "{9D9CFF7A-1FB0-4C21-9177-F930CEBCD608}"
	ProjectSection(SolutionItems) = preProject
		DockerFiles\docker-compose.yml = DockerFiles\docker-compose.yml
	EndProjectSection
EndProject
Project("{2150E333-8FDC-42A3-9474-1A3956D46DE8}") = "_helpers", "_helpers", "{876BEF1C-A460-4865-AC67-81B2BE7773ED}"
EndProject
Project("{2150E333-8FDC-42A3-9474-1A3956D46DE8}") = "RabbitMQ", "RabbitMQ", "{2CB95C3E-3C42-4215-A49A-0F59BA56E46E}"
EndProject
Project("{9A19103F-16F7-4668-BE54-9A1E7A4F7556}") = "RabbitMQ", "_helpers\RabbitMQ\RabbitMQ\RabbitMQ.csproj", "{55246EFE-A4A6-43C5-A5BB-7BBCF2189627}"
EndProject
Project("{2150E333-8FDC-42A3-9474-1A3956D46DE8}") = "libs", "libs", "{C50C1A59-0069-4D8D-B140-B3BB844C51B6}"
EndProject
Project("{9A19103F-16F7-4668-BE54-9A1E7A4F7556}") = "MyTeacher.Helper", "_helpers\libs\MyTeacher.Helper\MyTeacher.Helper.csproj", "{179D1C6F-ADEF-4835-92BF-A844B3D1B2A9}"
EndProject
Project("{9A19103F-16F7-4668-BE54-9A1E7A4F7556}") = "MyTeacher.JWT", "_helpers\libs\MyTeacher.JWT\MyTeacher.JWT.csproj", "{C42391E5-0F7A-4D6C-8573-CE9AE923FF29}"
EndProject
Project("{2150E333-8FDC-42A3-9474-1A3956D46DE8}") = "MongoDb", "MongoDb", "{29F7134A-DD3B-41F3-8D8C-4D3EBAE92092}"
EndProject
Project("{9A19103F-16F7-4668-BE54-9A1E7A4F7556}") = "MongoDb", "_helpers\MongoDb\MongoDb\MongoDb.csproj", "{125DF5E3-B090-426F-AED3-F9CD1E1B341E}"
EndProject
Project("{2150E333-8FDC-42A3-9474-1A3956D46DE8}") = "Consumers", "Consumers", "{57CF1253-E162-480E-A11F-D71D42A0FDE3}"
EndProject
Project("{2150E333-8FDC-42A3-9474-1A3956D46DE8}") = "ProfilePictureWorker", "ProfilePictureWorker", "{2B9E7FAE-7B4A-40CF-897F-FB97C29CD2FF}"
EndProject
Project("{9A19103F-16F7-4668-BE54-9A1E7A4F7556}") = "ProfilePicture.WORKER", "_src\Consumers\ProfilePictureWorker\ProfilePicture.WORKER\ProfilePicture.WORKER.csproj", "{904038FC-346E-433B-8CD1-4EDB70493E26}"
EndProject
Project("{2150E333-8FDC-42A3-9474-1A3956D46DE8}") = "_client", "_client", "{24F651DF-BFF7-4240-919C-B09ECD104D48}"
EndProject
Project("{54A90642-561A-4BB1-A94E-469ADEE60C69}") = "MyTeacherClient", "_client\MyTeacherClient\MyTeacherClient.esproj", "{30C1771A-E725-4FC2-8572-2F4EC013F407}"
EndProject
Global
	GlobalSection(SolutionConfigurationPlatforms) = preSolution
		Debug|Any CPU = Debug|Any CPU
		Release|Any CPU = Release|Any CPU
	EndGlobalSection
	GlobalSection(ProjectConfigurationPlatforms) = postSolution
		{5820DDBB-2F5C-4769-B068-EE5254045908}.Debug|Any CPU.ActiveCfg = Debug|Any CPU
		{5820DDBB-2F5C-4769-B068-EE5254045908}.Debug|Any CPU.Build.0 = Debug|Any CPU
		{5820DDBB-2F5C-4769-B068-EE5254045908}.Release|Any CPU.ActiveCfg = Release|Any CPU
		{5820DDBB-2F5C-4769-B068-EE5254045908}.Release|Any CPU.Build.0 = Release|Any CPU
		{88C7850F-42EC-4881-A720-3A726B234D6B}.Debug|Any CPU.ActiveCfg = Debug|Any CPU
		{88C7850F-42EC-4881-A720-3A726B234D6B}.Debug|Any CPU.Build.0 = Debug|Any CPU
		{88C7850F-42EC-4881-A720-3A726B234D6B}.Release|Any CPU.ActiveCfg = Release|Any CPU
		{88C7850F-42EC-4881-A720-3A726B234D6B}.Release|Any CPU.Build.0 = Release|Any CPU
		{12D7FEC6-5602-4AC6-BE20-2B1A40EE0487}.Debug|Any CPU.ActiveCfg = Debug|Any CPU
		{12D7FEC6-5602-4AC6-BE20-2B1A40EE0487}.Debug|Any CPU.Build.0 = Debug|Any CPU
		{12D7FEC6-5602-4AC6-BE20-2B1A40EE0487}.Release|Any CPU.ActiveCfg = Release|Any CPU
		{12D7FEC6-5602-4AC6-BE20-2B1A40EE0487}.Release|Any CPU.Build.0 = Release|Any CPU
		{AF8E1518-2E99-4FEF-9503-04D46C93F3A9}.Debug|Any CPU.ActiveCfg = Debug|Any CPU
		{AF8E1518-2E99-4FEF-9503-04D46C93F3A9}.Debug|Any CPU.Build.0 = Debug|Any CPU
		{AF8E1518-2E99-4FEF-9503-04D46C93F3A9}.Release|Any CPU.ActiveCfg = Release|Any CPU
		{AF8E1518-2E99-4FEF-9503-04D46C93F3A9}.Release|Any CPU.Build.0 = Release|Any CPU
		{C9EF6981-F697-438B-B1EE-D9E49709A49F}.Debug|Any CPU.ActiveCfg = Debug|Any CPU
		{C9EF6981-F697-438B-B1EE-D9E49709A49F}.Debug|Any CPU.Build.0 = Debug|Any CPU
		{C9EF6981-F697-438B-B1EE-D9E49709A49F}.Release|Any CPU.ActiveCfg = Release|Any CPU
		{C9EF6981-F697-438B-B1EE-D9E49709A49F}.Release|Any CPU.Build.0 = Release|Any CPU
		{55246EFE-A4A6-43C5-A5BB-7BBCF2189627}.Debug|Any CPU.ActiveCfg = Debug|Any CPU
		{55246EFE-A4A6-43C5-A5BB-7BBCF2189627}.Debug|Any CPU.Build.0 = Debug|Any CPU
		{55246EFE-A4A6-43C5-A5BB-7BBCF2189627}.Release|Any CPU.ActiveCfg = Release|Any CPU
		{55246EFE-A4A6-43C5-A5BB-7BBCF2189627}.Release|Any CPU.Build.0 = Release|Any CPU
		{179D1C6F-ADEF-4835-92BF-A844B3D1B2A9}.Debug|Any CPU.ActiveCfg = Debug|Any CPU
		{179D1C6F-ADEF-4835-92BF-A844B3D1B2A9}.Debug|Any CPU.Build.0 = Debug|Any CPU
		{179D1C6F-ADEF-4835-92BF-A844B3D1B2A9}.Release|Any CPU.ActiveCfg = Release|Any CPU
		{179D1C6F-ADEF-4835-92BF-A844B3D1B2A9}.Release|Any CPU.Build.0 = Release|Any CPU
		{C42391E5-0F7A-4D6C-8573-CE9AE923FF29}.Debug|Any CPU.ActiveCfg = Debug|Any CPU
		{C42391E5-0F7A-4D6C-8573-CE9AE923FF29}.Debug|Any CPU.Build.0 = Debug|Any CPU
		{C42391E5-0F7A-4D6C-8573-CE9AE923FF29}.Release|Any CPU.ActiveCfg = Release|Any CPU
		{C42391E5-0F7A-4D6C-8573-CE9AE923FF29}.Release|Any CPU.Build.0 = Release|Any CPU
		{125DF5E3-B090-426F-AED3-F9CD1E1B341E}.Debug|Any CPU.ActiveCfg = Debug|Any CPU
		{125DF5E3-B090-426F-AED3-F9CD1E1B341E}.Debug|Any CPU.Build.0 = Debug|Any CPU
		{125DF5E3-B090-426F-AED3-F9CD1E1B341E}.Release|Any CPU.ActiveCfg = Release|Any CPU
		{125DF5E3-B090-426F-AED3-F9CD1E1B341E}.Release|Any CPU.Build.0 = Release|Any CPU
		{904038FC-346E-433B-8CD1-4EDB70493E26}.Debug|Any CPU.ActiveCfg = Debug|Any CPU
		{904038FC-346E-433B-8CD1-4EDB70493E26}.Debug|Any CPU.Build.0 = Debug|Any CPU
		{904038FC-346E-433B-8CD1-4EDB70493E26}.Release|Any CPU.ActiveCfg = Release|Any CPU
		{904038FC-346E-433B-8CD1-4EDB70493E26}.Release|Any CPU.Build.0 = Release|Any CPU
		{30C1771A-E725-4FC2-8572-2F4EC013F407}.Debug|Any CPU.ActiveCfg = Debug|Any CPU
		{30C1771A-E725-4FC2-8572-2F4EC013F407}.Debug|Any CPU.Build.0 = Debug|Any CPU
		{30C1771A-E725-4FC2-8572-2F4EC013F407}.Debug|Any CPU.Deploy.0 = Debug|Any CPU
		{30C1771A-E725-4FC2-8572-2F4EC013F407}.Release|Any CPU.ActiveCfg = Release|Any CPU
		{30C1771A-E725-4FC2-8572-2F4EC013F407}.Release|Any CPU.Build.0 = Release|Any CPU
		{30C1771A-E725-4FC2-8572-2F4EC013F407}.Release|Any CPU.Deploy.0 = Release|Any CPU
	EndGlobalSection
	GlobalSection(SolutionProperties) = preSolution
		HideSolutionNode = FALSE
	EndGlobalSection
	GlobalSection(NestedProjects) = preSolution
		{A8B9BC09-6E04-4CB6-BB28-47E9DD662EE0} = {AE1F2A36-40A1-4FD4-AE4C-32B7D6AC4F8C}
		{6EF8094C-23D5-4D5F-9579-061844456563} = {A8B9BC09-6E04-4CB6-BB28-47E9DD662EE0}
		{8725E4F9-993E-48D6-BD7D-82E4FE6B77AC} = {A8B9BC09-6E04-4CB6-BB28-47E9DD662EE0}
		{FC02C700-E8B1-4330-A2F3-EA2B8E017F71} = {A8B9BC09-6E04-4CB6-BB28-47E9DD662EE0}
		{5820DDBB-2F5C-4769-B068-EE5254045908} = {6EF8094C-23D5-4D5F-9579-061844456563}
		{88C7850F-42EC-4881-A720-3A726B234D6B} = {6EF8094C-23D5-4D5F-9579-061844456563}
		{12D7FEC6-5602-4AC6-BE20-2B1A40EE0487} = {8725E4F9-993E-48D6-BD7D-82E4FE6B77AC}
		{AF8E1518-2E99-4FEF-9503-04D46C93F3A9} = {8725E4F9-993E-48D6-BD7D-82E4FE6B77AC}
		{C9EF6981-F697-438B-B1EE-D9E49709A49F} = {FC02C700-E8B1-4330-A2F3-EA2B8E017F71}
		{2CB95C3E-3C42-4215-A49A-0F59BA56E46E} = {876BEF1C-A460-4865-AC67-81B2BE7773ED}
		{55246EFE-A4A6-43C5-A5BB-7BBCF2189627} = {2CB95C3E-3C42-4215-A49A-0F59BA56E46E}
		{C50C1A59-0069-4D8D-B140-B3BB844C51B6} = {876BEF1C-A460-4865-AC67-81B2BE7773ED}
		{179D1C6F-ADEF-4835-92BF-A844B3D1B2A9} = {C50C1A59-0069-4D8D-B140-B3BB844C51B6}
		{C42391E5-0F7A-4D6C-8573-CE9AE923FF29} = {C50C1A59-0069-4D8D-B140-B3BB844C51B6}
		{29F7134A-DD3B-41F3-8D8C-4D3EBAE92092} = {876BEF1C-A460-4865-AC67-81B2BE7773ED}
		{125DF5E3-B090-426F-AED3-F9CD1E1B341E} = {29F7134A-DD3B-41F3-8D8C-4D3EBAE92092}
		{57CF1253-E162-480E-A11F-D71D42A0FDE3} = {AE1F2A36-40A1-4FD4-AE4C-32B7D6AC4F8C}
		{2B9E7FAE-7B4A-40CF-897F-FB97C29CD2FF} = {57CF1253-E162-480E-A11F-D71D42A0FDE3}
		{904038FC-346E-433B-8CD1-4EDB70493E26} = {2B9E7FAE-7B4A-40CF-897F-FB97C29CD2FF}
		{30C1771A-E725-4FC2-8572-2F4EC013F407} = {24F651DF-BFF7-4240-919C-B09ECD104D48}
	EndGlobalSection
	GlobalSection(ExtensibilityGlobals) = postSolution
		SolutionGuid = {61C330C9-9478-4BD9-92CE-F5DFCB79F733}
	EndGlobalSection
EndGlobal
