
Microsoft Visual Studio Solution File, Format Version 12.00
# Visual Studio Version 17
VisualStudioVersion = 17.8.34330.188
MinimumVisualStudioVersion = 10.0.40219.1
Project("{2150E333-8FDC-42A3-9474-1A3956D46DE8}") = "_src", "_src", "{AE1F2A36-40A1-4FD4-AE4C-32B7D6AC4F8C}"
EndProject
Project("{2150E333-8FDC-42A3-9474-1A3956D46DE8}") = "CoreService", "CoreService", "{A8B9BC09-6E04-4CB6-BB28-47E9DD662EE0}"
EndProject
Project("{2150E333-8FDC-42A3-9474-1A3956D46DE8}") = "Core", "Core", "{6EF8094C-23D5-4D5F-9579-061844456563}"
EndProject
Project("{2150E333-8FDC-42A3-9474-1A3956D46DE8}") = "Infrastructure", "Infrastructure", "{8725E4F9-993E-48D6-BD7D-82E4FE6B77AC}"
EndProject
Project("{2150E333-8FDC-42A3-9474-1A3956D46DE8}") = "Presentation", "Presentation", "{FC02C700-E8B1-4330-A2F3-EA2B8E017F71}"
EndProject
Project("{9A19103F-16F7-4668-BE54-9A1E7A4F7556}") = "CoreService.Application", "_src\CoreService\Core\CoreService.Application\CoreService.Application.csproj", "{5820DDBB-2F5C-4769-B068-EE5254045908}"
EndProject
Project("{9A19103F-16F7-4668-BE54-9A1E7A4F7556}") = "CoreService.Domain", "_src\CoreService\Core\CoreService.Domain\CoreService.Domain.csproj", "{88C7850F-42EC-4881-A720-3A726B234D6B}"
EndProject
Project("{9A19103F-16F7-4668-BE54-9A1E7A4F7556}") = "CoreService.Infrastructure", "_src\CoreService\Infrastructure\CoreService.Infrastructure\CoreService.Infrastructure.csproj", "{12D7FEC6-5602-4AC6-BE20-2B1A40EE0487}"
EndProject
Project("{9A19103F-16F7-4668-BE54-9A1E7A4F7556}") = "CoreService.Persistence", "_src\CoreService\Infrastructure\CoreService.Persistence\CoreService.Persistence.csproj", "{AF8E1518-2E99-4FEF-9503-04D46C93F3A9}"
EndProject
Project("{9A19103F-16F7-4668-BE54-9A1E7A4F7556}") = "CoreService.API", "_src\CoreService\Presentation\CoreService.API\CoreService.API.csproj", "{C9EF6981-F697-438B-B1EE-D9E49709A49F}"
EndProject
Project("{2150E333-8FDC-42A3-9474-1A3956D46DE8}") = "MQ", "MQ", "{79215AD4-1AB2-44E4-8496-EF9927017D6B}"
EndProject
Project("{2150E333-8FDC-42A3-9474-1A3956D46DE8}") = "Log", "Log", "{49D99A07-757D-4216-9838-3E554F59A436}"
EndProject
Project("{9A19103F-16F7-4668-BE54-9A1E7A4F7556}") = "FileLog.WORKER", "_src\MQ\Log\FileLogWorker\FileLog.WORKER.csproj", "{73C85FA0-6122-427C-A74F-7F421F663150}"
EndProject
Project("{2150E333-8FDC-42A3-9474-1A3956D46DE8}") = "DockerFiles", "DockerFiles", "{9D9CFF7A-1FB0-4C21-9177-F930CEBCD608}"
	ProjectSection(SolutionItems) = preProject
		docker-compose.yml = docker-compose.yml
	EndProjectSection
EndProject
Project("{2150E333-8FDC-42A3-9474-1A3956D46DE8}") = "_helpers", "_helpers", "{876BEF1C-A460-4865-AC67-81B2BE7773ED}"
EndProject
Project("{2150E333-8FDC-42A3-9474-1A3956D46DE8}") = "RabbitMQ", "RabbitMQ", "{2CB95C3E-3C42-4215-A49A-0F59BA56E46E}"
EndProject
Project("{FAE04EC0-301F-11D3-BF4B-00C04F79EFBC}") = "RabbitMQ", "_helpers\RabbitMQ\RabbitMQ\RabbitMQ.csproj", "{55246EFE-A4A6-43C5-A5BB-7BBCF2189627}"
EndProject
Global
	GlobalSection(SolutionConfigurationPlatforms) = preSolution
		Debug|Any CPU = Debug|Any CPU
		Release|Any CPU = Release|Any CPU
	EndGlobalSection
	GlobalSection(ProjectConfigurationPlatforms) = postSolution
		{5820DDBB-2F5C-4769-B068-EE5254045908}.Debug|Any CPU.ActiveCfg = Debug|Any CPU
		{5820DDBB-2F5C-4769-B068-EE5254045908}.Debug|Any CPU.Build.0 = Debug|Any CPU
		{5820DDBB-2F5C-4769-B068-EE5254045908}.Release|Any CPU.ActiveCfg = Release|Any CPU
		{5820DDBB-2F5C-4769-B068-EE5254045908}.Release|Any CPU.Build.0 = Release|Any CPU
		{88C7850F-42EC-4881-A720-3A726B234D6B}.Debug|Any CPU.ActiveCfg = Debug|Any CPU
		{88C7850F-42EC-4881-A720-3A726B234D6B}.Debug|Any CPU.Build.0 = Debug|Any CPU
		{88C7850F-42EC-4881-A720-3A726B234D6B}.Release|Any CPU.ActiveCfg = Release|Any CPU
		{88C7850F-42EC-4881-A720-3A726B234D6B}.Release|Any CPU.Build.0 = Release|Any CPU
		{12D7FEC6-5602-4AC6-BE20-2B1A40EE0487}.Debug|Any CPU.ActiveCfg = Debug|Any CPU
		{12D7FEC6-5602-4AC6-BE20-2B1A40EE0487}.Debug|Any CPU.Build.0 = Debug|Any CPU
		{12D7FEC6-5602-4AC6-BE20-2B1A40EE0487}.Release|Any CPU.ActiveCfg = Release|Any CPU
		{12D7FEC6-5602-4AC6-BE20-2B1A40EE0487}.Release|Any CPU.Build.0 = Release|Any CPU
		{AF8E1518-2E99-4FEF-9503-04D46C93F3A9}.Debug|Any CPU.ActiveCfg = Debug|Any CPU
		{AF8E1518-2E99-4FEF-9503-04D46C93F3A9}.Debug|Any CPU.Build.0 = Debug|Any CPU
		{AF8E1518-2E99-4FEF-9503-04D46C93F3A9}.Release|Any CPU.ActiveCfg = Release|Any CPU
		{AF8E1518-2E99-4FEF-9503-04D46C93F3A9}.Release|Any CPU.Build.0 = Release|Any CPU
		{C9EF6981-F697-438B-B1EE-D9E49709A49F}.Debug|Any CPU.ActiveCfg = Debug|Any CPU
		{C9EF6981-F697-438B-B1EE-D9E49709A49F}.Debug|Any CPU.Build.0 = Debug|Any CPU
		{C9EF6981-F697-438B-B1EE-D9E49709A49F}.Release|Any CPU.ActiveCfg = Release|Any CPU
		{C9EF6981-F697-438B-B1EE-D9E49709A49F}.Release|Any CPU.Build.0 = Release|Any CPU
		{73C85FA0-6122-427C-A74F-7F421F663150}.Debug|Any CPU.ActiveCfg = Debug|Any CPU
		{73C85FA0-6122-427C-A74F-7F421F663150}.Debug|Any CPU.Build.0 = Debug|Any CPU
		{73C85FA0-6122-427C-A74F-7F421F663150}.Release|Any CPU.ActiveCfg = Release|Any CPU
		{73C85FA0-6122-427C-A74F-7F421F663150}.Release|Any CPU.Build.0 = Release|Any CPU
		{55246EFE-A4A6-43C5-A5BB-7BBCF2189627}.Debug|Any CPU.ActiveCfg = Debug|Any CPU
		{55246EFE-A4A6-43C5-A5BB-7BBCF2189627}.Debug|Any CPU.Build.0 = Debug|Any CPU
		{55246EFE-A4A6-43C5-A5BB-7BBCF2189627}.Release|Any CPU.ActiveCfg = Release|Any CPU
		{55246EFE-A4A6-43C5-A5BB-7BBCF2189627}.Release|Any CPU.Build.0 = Release|Any CPU
	EndGlobalSection
	GlobalSection(SolutionProperties) = preSolution
		HideSolutionNode = FALSE
	EndGlobalSection
	GlobalSection(NestedProjects) = preSolution
		{A8B9BC09-6E04-4CB6-BB28-47E9DD662EE0} = {AE1F2A36-40A1-4FD4-AE4C-32B7D6AC4F8C}
		{6EF8094C-23D5-4D5F-9579-061844456563} = {A8B9BC09-6E04-4CB6-BB28-47E9DD662EE0}
		{8725E4F9-993E-48D6-BD7D-82E4FE6B77AC} = {A8B9BC09-6E04-4CB6-BB28-47E9DD662EE0}
		{FC02C700-E8B1-4330-A2F3-EA2B8E017F71} = {A8B9BC09-6E04-4CB6-BB28-47E9DD662EE0}
		{5820DDBB-2F5C-4769-B068-EE5254045908} = {6EF8094C-23D5-4D5F-9579-061844456563}
		{88C7850F-42EC-4881-A720-3A726B234D6B} = {6EF8094C-23D5-4D5F-9579-061844456563}
		{12D7FEC6-5602-4AC6-BE20-2B1A40EE0487} = {8725E4F9-993E-48D6-BD7D-82E4FE6B77AC}
		{AF8E1518-2E99-4FEF-9503-04D46C93F3A9} = {8725E4F9-993E-48D6-BD7D-82E4FE6B77AC}
		{C9EF6981-F697-438B-B1EE-D9E49709A49F} = {FC02C700-E8B1-4330-A2F3-EA2B8E017F71}
		{79215AD4-1AB2-44E4-8496-EF9927017D6B} = {AE1F2A36-40A1-4FD4-AE4C-32B7D6AC4F8C}
		{49D99A07-757D-4216-9838-3E554F59A436} = {79215AD4-1AB2-44E4-8496-EF9927017D6B}
		{73C85FA0-6122-427C-A74F-7F421F663150} = {49D99A07-757D-4216-9838-3E554F59A436}
		{2CB95C3E-3C42-4215-A49A-0F59BA56E46E} = {876BEF1C-A460-4865-AC67-81B2BE7773ED}
		{55246EFE-A4A6-43C5-A5BB-7BBCF2189627} = {2CB95C3E-3C42-4215-A49A-0F59BA56E46E}
	EndGlobalSection
	GlobalSection(ExtensibilityGlobals) = postSolution
		SolutionGuid = {61C330C9-9478-4BD9-92CE-F5DFCB79F733}
	EndGlobalSection
EndGlobal
